
Microsoft Visual Studio Solution File, Format Version 12.00
# Visual Studio Version 16
VisualStudioVersion = 16.0.30413.136
MinimumVisualStudioVersion = 10.0.40219.1
Project("{FAE04EC0-301F-11D3-BF4B-00C04F79EFBC}") = "MyStringList", "MyStringList\MyStringList.csproj", "{87E2D4D4-380B-4DFF-B386-2B8810B73603}"
EndProject
Global
	GlobalSection(SolutionConfigurationPlatforms) = preSolution
		Debug|Any CPU = Debug|Any CPU
		Release|Any CPU = Release|Any CPU
	EndGlobalSection
	GlobalSection(ProjectConfigurationPlatforms) = postSolution
		{87E2D4D4-380B-4DFF-B386-2B8810B73603}.Debug|Any CPU.ActiveCfg = Debug|Any CPU
		{87E2D4D4-380B-4DFF-B386-2B8810B73603}.Debug|Any CPU.Build.0 = Debug|Any CPU
		{87E2D4D4-380B-4DFF-B386-2B8810B73603}.Release|Any CPU.ActiveCfg = Release|Any CPU
		{87E2D4D4-380B-4DFF-B386-2B8810B73603}.Release|Any CPU.Build.0 = Release|Any CPU
	EndGlobalSection
	GlobalSection(SolutionProperties) = preSolution
		HideSolutionNode = FALSE
	EndGlobalSection
	GlobalSection(ExtensibilityGlobals) = postSolution
		SolutionGuid = {EE40D147-F79F-4955-86AB-F9D6CD5E9D4B}
	EndGlobalSection
EndGlobal
